
Microsoft Visual Studio Solution File, Format Version 12.00
# Visual Studio Version 16
VisualStudioVersion = 16.0.32602.291
MinimumVisualStudioVersion = 10.0.40219.1
Project("{FAE04EC0-301F-11D3-BF4B-00C04F79EFBC}") = "TextureGen", "TextureGen\TextureGen.csproj", "{E83669F0-AF12-43C4-8564-AAB63CECD0AE}"
EndProject
Global
	GlobalSection(SolutionConfigurationPlatforms) = preSolution
		Debug|Any CPU = Debug|Any CPU
		Release|Any CPU = Release|Any CPU
	EndGlobalSection
	GlobalSection(ProjectConfigurationPlatforms) = postSolution
		{E83669F0-AF12-43C4-8564-AAB63CECD0AE}.Debug|Any CPU.ActiveCfg = Debug|Any CPU
		{E83669F0-AF12-43C4-8564-AAB63CECD0AE}.Debug|Any CPU.Build.0 = Debug|Any CPU
		{E83669F0-AF12-43C4-8564-AAB63CECD0AE}.Release|Any CPU.ActiveCfg = Release|Any CPU
		{E83669F0-AF12-43C4-8564-AAB63CECD0AE}.Release|Any CPU.Build.0 = Release|Any CPU
	EndGlobalSection
	GlobalSection(SolutionProperties) = preSolution
		HideSolutionNode = FALSE
	EndGlobalSection
	GlobalSection(ExtensibilityGlobals) = postSolution
		SolutionGuid = {D1E8F68D-B46D-47AC-81BC-F3404447BCF8}
	EndGlobalSection
EndGlobal
